
Microsoft Visual Studio Solution File, Format Version 12.00
# Visual Studio 14
VisualStudioVersion = 14.0.24720.0
MinimumVisualStudioVersion = 10.0.40219.1
Project("{FAE04EC0-301F-11D3-BF4B-00C04F79EFBC}") = "Generic List Sequential", "Generic List\Generic List Sequential.csproj", "{F8F40B72-E5FF-4633-B8E0-D6C822ACD14E}"
EndProject
Project("{FAE04EC0-301F-11D3-BF4B-00C04F79EFBC}") = "Generic Linked List", "Generic Linked List\Generic Linked List.csproj", "{D042A699-CC4A-4A67-A013-52AD121C0352}"
EndProject
Project("{FAE04EC0-301F-11D3-BF4B-00C04F79EFBC}") = "Generic Doubly Linked List", "Generic Doubly Linked List\Generic Doubly Linked List.csproj", "{CB66F102-89BB-41D2-B462-75C59CF0181A}"
EndProject
Project("{FAE04EC0-301F-11D3-BF4B-00C04F79EFBC}") = "Program", "Program\Program.csproj", "{A48D38E8-B380-41DC-8A1C-A0963198B9C2}"
EndProject
Global
	GlobalSection(SolutionConfigurationPlatforms) = preSolution
		Debug|Any CPU = Debug|Any CPU
		Release|Any CPU = Release|Any CPU
	EndGlobalSection
	GlobalSection(ProjectConfigurationPlatforms) = postSolution
		{F8F40B72-E5FF-4633-B8E0-D6C822ACD14E}.Debug|Any CPU.ActiveCfg = Debug|Any CPU
		{F8F40B72-E5FF-4633-B8E0-D6C822ACD14E}.Debug|Any CPU.Build.0 = Debug|Any CPU
		{F8F40B72-E5FF-4633-B8E0-D6C822ACD14E}.Release|Any CPU.ActiveCfg = Release|Any CPU
		{F8F40B72-E5FF-4633-B8E0-D6C822ACD14E}.Release|Any CPU.Build.0 = Release|Any CPU
		{D042A699-CC4A-4A67-A013-52AD121C0352}.Debug|Any CPU.ActiveCfg = Debug|Any CPU
		{D042A699-CC4A-4A67-A013-52AD121C0352}.Debug|Any CPU.Build.0 = Debug|Any CPU
		{D042A699-CC4A-4A67-A013-52AD121C0352}.Release|Any CPU.ActiveCfg = Release|Any CPU
		{D042A699-CC4A-4A67-A013-52AD121C0352}.Release|Any CPU.Build.0 = Release|Any CPU
		{CB66F102-89BB-41D2-B462-75C59CF0181A}.Debug|Any CPU.ActiveCfg = Debug|Any CPU
		{CB66F102-89BB-41D2-B462-75C59CF0181A}.Debug|Any CPU.Build.0 = Debug|Any CPU
		{CB66F102-89BB-41D2-B462-75C59CF0181A}.Release|Any CPU.ActiveCfg = Release|Any CPU
		{CB66F102-89BB-41D2-B462-75C59CF0181A}.Release|Any CPU.Build.0 = Release|Any CPU
		{A48D38E8-B380-41DC-8A1C-A0963198B9C2}.Debug|Any CPU.ActiveCfg = Debug|Any CPU
		{A48D38E8-B380-41DC-8A1C-A0963198B9C2}.Debug|Any CPU.Build.0 = Debug|Any CPU
		{A48D38E8-B380-41DC-8A1C-A0963198B9C2}.Release|Any CPU.ActiveCfg = Release|Any CPU
		{A48D38E8-B380-41DC-8A1C-A0963198B9C2}.Release|Any CPU.Build.0 = Release|Any CPU
	EndGlobalSection
	GlobalSection(SolutionProperties) = preSolution
		HideSolutionNode = FALSE
	EndGlobalSection
EndGlobal
